
Microsoft Visual Studio Solution File, Format Version 12.00
# Visual Studio Version 17
VisualStudioVersion = 17.9.34723.18
MinimumVisualStudioVersion = 10.0.40219.1
Project("{FAE04EC0-301F-11D3-BF4B-00C04F79EFBC}") = "learnpoint-2.0", "learnpoint-2.0.csproj", "{CC91B00A-A213-46CD-B089-BF8C5E9675C3}"
EndProject
Global
	GlobalSection(SolutionConfigurationPlatforms) = preSolution
		Debug|Any CPU = Debug|Any CPU
		Release|Any CPU = Release|Any CPU
	EndGlobalSection
	GlobalSection(ProjectConfigurationPlatforms) = postSolution
		{CC91B00A-A213-46CD-B089-BF8C5E9675C3}.Debug|Any CPU.ActiveCfg = Debug|Any CPU
		{CC91B00A-A213-46CD-B089-BF8C5E9675C3}.Debug|Any CPU.Build.0 = Debug|Any CPU
		{CC91B00A-A213-46CD-B089-BF8C5E9675C3}.Release|Any CPU.ActiveCfg = Release|Any CPU
		{CC91B00A-A213-46CD-B089-BF8C5E9675C3}.Release|Any CPU.Build.0 = Release|Any CPU
	EndGlobalSection
	GlobalSection(SolutionProperties) = preSolution
		HideSolutionNode = FALSE
	EndGlobalSection
	GlobalSection(ExtensibilityGlobals) = postSolution
		SolutionGuid = {0E0BFA19-2A70-451A-A7A8-22A07E14A69B}
	EndGlobalSection
EndGlobal
